// !$*UTF8*$!
{
	archiveVersion = 1;
	classes = {
	};
	objectVersion = 46;
	objects = {

/* Begin PBXBuildFile section */
		17064BCC158E67D300966851 /* UIKit.framework in Frameworks */ = {isa = PBXBuildFile; fileRef = 17064BCB158E67D300966851 /* UIKit.framework */; };
		17064BCE158E67D300966851 /* Foundation.framework in Frameworks */ = {isa = PBXBuildFile; fileRef = 17064BCD158E67D300966851 /* Foundation.framework */; };
		17064BD0158E67D300966851 /* CoreGraphics.framework in Frameworks */ = {isa = PBXBuildFile; fileRef = 17064BCF158E67D300966851 /* CoreGraphics.framework */; };
		17064BD6158E67D300966851 /* InfoPlist.strings in Resources */ = {isa = PBXBuildFile; fileRef = 17064BD4158E67D300966851 /* InfoPlist.strings */; };
		17064BD8158E67D300966851 /* main.m in Sources */ = {isa = PBXBuildFile; fileRef = 17064BD7158E67D300966851 /* main.m */; };
		17064BDC158E67D300966851 /* AppDelegate.m in Sources */ = {isa = PBXBuildFile; fileRef = 17064BDB158E67D300966851 /* AppDelegate.m */; };
		17064BE8158E692600966851 /* MyCollectionViewController.m in Sources */ = {isa = PBXBuildFile; fileRef = 17064BE7158E692600966851 /* MyCollectionViewController.m */; };
		17064BEF158E716D00966851 /* MyFlowLayout.m in Sources */ = {isa = PBXBuildFile; fileRef = 17064BEE158E716D00966851 /* MyFlowLayout.m */; };
		17563D7A1590383E00D23344 /* QuartzCore.framework in Frameworks */ = {isa = PBXBuildFile; fileRef = 17563D791590383E00D23344 /* QuartzCore.framework */; };
		175F1D67158E88B100CB8A25 /* PileLayout.m in Sources */ = {isa = PBXBuildFile; fileRef = 175F1D66158E88B100CB8A25 /* PileLayout.m */; };
		17C9509915AE0092005D7E87 /* StoreKit.framework in Frameworks */ = {isa = PBXBuildFile; fileRef = 17C9509815AE0092005D7E87 /* StoreKit.framework */; };
		17DE6F741591865000BA4818 /* iTunesScrapper.m in Sources */ = {isa = PBXBuildFile; fileRef = 17DE6F731591865000BA4818 /* iTunesScrapper.m */; };
		17DE6F78159187DD00BA4818 /* iTunesItem.m in Sources */ = {isa = PBXBuildFile; fileRef = 17DE6F77159187DD00BA4818 /* iTunesItem.m */; };
		17DE6F7B159189FB00BA4818 /* iTunesItemCell.m in Sources */ = {isa = PBXBuildFile; fileRef = 17DE6F7A159189FB00BA4818 /* iTunesItemCell.m */; };
/* End PBXBuildFile section */

/* Begin PBXFileReference section */
		17064BC7158E67D300966851 /* CollectionPlayground.app */ = {isa = PBXFileReference; explicitFileType = wrapper.application; includeInIndex = 0; path = CollectionPlayground.app; sourceTree = BUILT_PRODUCTS_DIR; };
		17064BCB158E67D300966851 /* UIKit.framework */ = {isa = PBXFileReference; lastKnownFileType = wrapper.framework; name = UIKit.framework; path = System/Library/Frameworks/UIKit.framework; sourceTree = SDKROOT; };
		17064BCD158E67D300966851 /* Foundation.framework */ = {isa = PBXFileReference; lastKnownFileType = wrapper.framework; name = Foundation.framework; path = System/Library/Frameworks/Foundation.framework; sourceTree = SDKROOT; };
		17064BCF158E67D300966851 /* CoreGraphics.framework */ = {isa = PBXFileReference; lastKnownFileType = wrapper.framework; name = CoreGraphics.framework; path = System/Library/Frameworks/CoreGraphics.framework; sourceTree = SDKROOT; };
		17064BD3158E67D300966851 /* CollectionPlayground-Info.plist */ = {isa = PBXFileReference; lastKnownFileType = text.plist.xml; path = "CollectionPlayground-Info.plist"; sourceTree = "<group>"; };
		17064BD5158E67D300966851 /* en */ = {isa = PBXFileReference; lastKnownFileType = text.plist.strings; name = en; path = en.lproj/InfoPlist.strings; sourceTree = "<group>"; };
		17064BD7158E67D300966851 /* main.m */ = {isa = PBXFileReference; lastKnownFileType = sourcecode.c.objc; path = main.m; sourceTree = "<group>"; };
		17064BD9158E67D300966851 /* CollectionPlayground-Prefix.pch */ = {isa = PBXFileReference; lastKnownFileType = sourcecode.c.h; path = "CollectionPlayground-Prefix.pch"; sourceTree = "<group>"; };
		17064BDA158E67D300966851 /* AppDelegate.h */ = {isa = PBXFileReference; lastKnownFileType = sourcecode.c.h; path = AppDelegate.h; sourceTree = "<group>"; };
		17064BDB158E67D300966851 /* AppDelegate.m */ = {isa = PBXFileReference; lastKnownFileType = sourcecode.c.objc; path = AppDelegate.m; sourceTree = "<group>"; };
		17064BE6158E692600966851 /* MyCollectionViewController.h */ = {isa = PBXFileReference; fileEncoding = 4; lastKnownFileType = sourcecode.c.h; path = MyCollectionViewController.h; sourceTree = "<group>"; };
		17064BE7158E692600966851 /* MyCollectionViewController.m */ = {isa = PBXFileReference; fileEncoding = 4; lastKnownFileType = sourcecode.c.objc; path = MyCollectionViewController.m; sourceTree = "<group>"; };
		17064BED158E716D00966851 /* MyFlowLayout.h */ = {isa = PBXFileReference; fileEncoding = 4; lastKnownFileType = sourcecode.c.h; path = MyFlowLayout.h; sourceTree = "<group>"; };
		17064BEE158E716D00966851 /* MyFlowLayout.m */ = {isa = PBXFileReference; fileEncoding = 4; lastKnownFileType = sourcecode.c.objc; path = MyFlowLayout.m; sourceTree = "<group>"; };
		17563D791590383E00D23344 /* QuartzCore.framework */ = {isa = PBXFileReference; lastKnownFileType = wrapper.framework; name = QuartzCore.framework; path = System/Library/Frameworks/QuartzCore.framework; sourceTree = SDKROOT; };
		175F1D65158E88B100CB8A25 /* PileLayout.h */ = {isa = PBXFileReference; fileEncoding = 4; lastKnownFileType = sourcecode.c.h; path = PileLayout.h; sourceTree = "<group>"; };
		175F1D66158E88B100CB8A25 /* PileLayout.m */ = {isa = PBXFileReference; fileEncoding = 4; lastKnownFileType = sourcecode.c.objc; path = PileLayout.m; sourceTree = "<group>"; };
		17C9509815AE0092005D7E87 /* StoreKit.framework */ = {isa = PBXFileReference; lastKnownFileType = wrapper.framework; name = StoreKit.framework; path = System/Library/Frameworks/StoreKit.framework; sourceTree = SDKROOT; };
		17DE6F721591865000BA4818 /* iTunesScrapper.h */ = {isa = PBXFileReference; fileEncoding = 4; lastKnownFileType = sourcecode.c.h; path = iTunesScrapper.h; sourceTree = "<group>"; };
		17DE6F731591865000BA4818 /* iTunesScrapper.m */ = {isa = PBXFileReference; fileEncoding = 4; lastKnownFileType = sourcecode.c.objc; path = iTunesScrapper.m; sourceTree = "<group>"; };
		17DE6F76159187DD00BA4818 /* iTunesItem.h */ = {isa = PBXFileReference; fileEncoding = 4; lastKnownFileType = sourcecode.c.h; path = iTunesItem.h; sourceTree = "<group>"; };
		17DE6F77159187DD00BA4818 /* iTunesItem.m */ = {isa = PBXFileReference; fileEncoding = 4; lastKnownFileType = sourcecode.c.objc; path = iTunesItem.m; sourceTree = "<group>"; };
		17DE6F79159189FB00BA4818 /* iTunesItemCell.h */ = {isa = PBXFileReference; fileEncoding = 4; lastKnownFileType = sourcecode.c.h; path = iTunesItemCell.h; sourceTree = "<group>"; };
		17DE6F7A159189FB00BA4818 /* iTunesItemCell.m */ = {isa = PBXFileReference; fileEncoding = 4; lastKnownFileType = sourcecode.c.objc; path = iTunesItemCell.m; sourceTree = "<group>"; };
/* End PBXFileReference section */

/* Begin PBXFrameworksBuildPhase section */
		17064BC4158E67D300966851 /* Frameworks */ = {
			isa = PBXFrameworksBuildPhase;
			buildActionMask = 2147483647;
			files = (
				17C9509915AE0092005D7E87 /* StoreKit.framework in Frameworks */,
				17563D7A1590383E00D23344 /* QuartzCore.framework in Frameworks */,
				17064BCC158E67D300966851 /* UIKit.framework in Frameworks */,
				17064BCE158E67D300966851 /* Foundation.framework in Frameworks */,
				17064BD0158E67D300966851 /* CoreGraphics.framework in Frameworks */,
			);
			runOnlyForDeploymentPostprocessing = 0;
		};
/* End PBXFrameworksBuildPhase section */

/* Begin PBXGroup section */
		17064BBC158E67D300966851 = {
			isa = PBXGroup;
			children = (
				17C9509815AE0092005D7E87 /* StoreKit.framework */,
				17064BD1158E67D300966851 /* CollectionPlayground */,
				17064BCA158E67D300966851 /* Frameworks */,
				17064BC8158E67D300966851 /* Products */,
			);
			sourceTree = "<group>";
		};
		17064BC8158E67D300966851 /* Products */ = {
			isa = PBXGroup;
			children = (
				17064BC7158E67D300966851 /* CollectionPlayground.app */,
			);
			name = Products;
			sourceTree = "<group>";
		};
		17064BCA158E67D300966851 /* Frameworks */ = {
			isa = PBXGroup;
			children = (
				17563D791590383E00D23344 /* QuartzCore.framework */,
				17064BCB158E67D300966851 /* UIKit.framework */,
				17064BCD158E67D300966851 /* Foundation.framework */,
				17064BCF158E67D300966851 /* CoreGraphics.framework */,
			);
			name = Frameworks;
			sourceTree = "<group>";
		};
		17064BD1158E67D300966851 /* CollectionPlayground */ = {
			isa = PBXGroup;
			children = (
				17064BDA158E67D300966851 /* AppDelegate.h */,
				17064BDB158E67D300966851 /* AppDelegate.m */,
				17064BD2158E67D300966851 /* Supporting Files */,
				17064BE6158E692600966851 /* MyCollectionViewController.h */,
				17064BE7158E692600966851 /* MyCollectionViewController.m */,
				17064BED158E716D00966851 /* MyFlowLayout.h */,
				17064BEE158E716D00966851 /* MyFlowLayout.m */,
				175F1D65158E88B100CB8A25 /* PileLayout.h */,
				175F1D66158E88B100CB8A25 /* PileLayout.m */,
				17DE6F721591865000BA4818 /* iTunesScrapper.h */,
				17DE6F731591865000BA4818 /* iTunesScrapper.m */,
				17DE6F76159187DD00BA4818 /* iTunesItem.h */,
				17DE6F77159187DD00BA4818 /* iTunesItem.m */,
				17DE6F79159189FB00BA4818 /* iTunesItemCell.h */,
				17DE6F7A159189FB00BA4818 /* iTunesItemCell.m */,
			);
			path = CollectionPlayground;
			sourceTree = "<group>";
		};
		17064BD2158E67D300966851 /* Supporting Files */ = {
			isa = PBXGroup;
			children = (
				17064BD3158E67D300966851 /* CollectionPlayground-Info.plist */,
				17064BD4158E67D300966851 /* InfoPlist.strings */,
				17064BD7158E67D300966851 /* main.m */,
				17064BD9158E67D300966851 /* CollectionPlayground-Prefix.pch */,
			);
			name = "Supporting Files";
			sourceTree = "<group>";
		};
/* End PBXGroup section */

/* Begin PBXNativeTarget section */
		17064BC6158E67D300966851 /* CollectionPlayground */ = {
			isa = PBXNativeTarget;
			buildConfigurationList = 17064BDF158E67D300966851 /* Build configuration list for PBXNativeTarget "CollectionPlayground" */;
			buildPhases = (
				17064BC3158E67D300966851 /* Sources */,
				17064BC4158E67D300966851 /* Frameworks */,
				17064BC5158E67D300966851 /* Resources */,
			);
			buildRules = (
			);
			dependencies = (
			);
			name = CollectionPlayground;
			productName = CollectionPlayground;
			productReference = 17064BC7158E67D300966851 /* CollectionPlayground.app */;
			productType = "com.apple.product-type.application";
		};
/* End PBXNativeTarget section */

/* Begin PBXProject section */
		17064BBE158E67D300966851 /* Project object */ = {
			isa = PBXProject;
			attributes = {
				LastUpgradeCheck = 0450;
				ORGANIZATIONNAME = "Brian Partridge";
			};
			buildConfigurationList = 17064BC1158E67D300966851 /* Build configuration list for PBXProject "CollectionPlayground" */;
			compatibilityVersion = "Xcode 3.2";
			developmentRegion = English;
			hasScannedForEncodings = 0;
			knownRegions = (
				en,
			);
			mainGroup = 17064BBC158E67D300966851;
			productRefGroup = 17064BC8158E67D300966851 /* Products */;
			projectDirPath = "";
			projectRoot = "";
			targets = (
				17064BC6158E67D300966851 /* CollectionPlayground */,
			);
		};
/* End PBXProject section */

/* Begin PBXResourcesBuildPhase section */
		17064BC5158E67D300966851 /* Resources */ = {
			isa = PBXResourcesBuildPhase;
			buildActionMask = 2147483647;
			files = (
				17064BD6158E67D300966851 /* InfoPlist.strings in Resources */,
			);
			runOnlyForDeploymentPostprocessing = 0;
		};
/* End PBXResourcesBuildPhase section */

/* Begin PBXSourcesBuildPhase section */
		17064BC3158E67D300966851 /* Sources */ = {
			isa = PBXSourcesBuildPhase;
			buildActionMask = 2147483647;
			files = (
				17064BD8158E67D300966851 /* main.m in Sources */,
				17064BDC158E67D300966851 /* AppDelegate.m in Sources */,
				17064BE8158E692600966851 /* MyCollectionViewController.m in Sources */,
				17064BEF158E716D00966851 /* MyFlowLayout.m in Sources */,
				175F1D67158E88B100CB8A25 /* PileLayout.m in Sources */,
				17DE6F741591865000BA4818 /* iTunesScrapper.m in Sources */,
				17DE6F78159187DD00BA4818 /* iTunesItem.m in Sources */,
				17DE6F7B159189FB00BA4818 /* iTunesItemCell.m in Sources */,
			);
			runOnlyForDeploymentPostprocessing = 0;
		};
/* End PBXSourcesBuildPhase section */

/* Begin PBXVariantGroup section */
		17064BD4158E67D300966851 /* InfoPlist.strings */ = {
			isa = PBXVariantGroup;
			children = (
				17064BD5158E67D300966851 /* en */,
			);
			name = InfoPlist.strings;
			sourceTree = "<group>";
		};
/* End PBXVariantGroup section */

/* Begin XCBuildConfiguration section */
		17064BDD158E67D300966851 /* Debug */ = {
			isa = XCBuildConfiguration;
			buildSettings = {
				ALWAYS_SEARCH_USER_PATHS = NO;
				CLANG_CXX_LANGUAGE_STANDARD = "gnu++0x";
				CLANG_ENABLE_OBJC_ARC = YES;
				CLANG_WARN__DUPLICATE_METHOD_MATCH = YES;
				"CODE_SIGN_IDENTITY[sdk=iphoneos*]" = "iPhone Developer";
				COPY_PHASE_STRIP = NO;
				GCC_C_LANGUAGE_STANDARD = gnu99;
				GCC_DYNAMIC_NO_PIC = NO;
				GCC_OPTIMIZATION_LEVEL = 0;
				GCC_PREPROCESSOR_DEFINITIONS = (
					"DEBUG=1",
					"$(inherited)",
				);
				GCC_SYMBOLS_PRIVATE_EXTERN = NO;
				GCC_WARN_ABOUT_RETURN_TYPE = YES;
				GCC_WARN_UNINITIALIZED_AUTOS = YES;
				GCC_WARN_UNUSED_VARIABLE = YES;
				IPHONEOS_DEPLOYMENT_TARGET = 6.0;
				SDKROOT = iphoneos;
			};
			name = Debug;
		};
		17064BDE158E67D300966851 /* Release */ = {
			isa = XCBuildConfiguration;
			buildSettings = {
				ALWAYS_SEARCH_USER_PATHS = NO;
				CLANG_CXX_LANGUAGE_STANDARD = "gnu++0x";
				CLANG_ENABLE_OBJC_ARC = YES;
				CLANG_WARN__DUPLICATE_METHOD_MATCH = YES;
				"CODE_SIGN_IDENTITY[sdk=iphoneos*]" = "iPhone Developer";
				COPY_PHASE_STRIP = YES;
				GCC_C_LANGUAGE_STANDARD = gnu99;
				GCC_WARN_ABOUT_RETURN_TYPE = YES;
				GCC_WARN_UNINITIALIZED_AUTOS = YES;
				GCC_WARN_UNUSED_VARIABLE = YES;
				IPHONEOS_DEPLOYMENT_TARGET = 6.0;
				OTHER_CFLAGS = "-DNS_BLOCK_ASSERTIONS=1";
				SDKROOT = iphoneos;
				VALIDATE_PRODUCT = YES;
			};
			name = Release;
		};
		17064BE0158E67D300966851 /* Debug */ = {
			isa = XCBuildConfiguration;
			buildSettings = {
				GCC_PRECOMPILE_PREFIX_HEADER = YES;
				GCC_PREFIX_HEADER = "CollectionPlayground/CollectionPlayground-Prefix.pch";
				INFOPLIST_FILE = "CollectionPlayground/CollectionPlayground-Info.plist";
				PRODUCT_NAME = "$(TARGET_NAME)";
				WRAPPER_EXTENSION = app;
			};
			name = Debug;
		};
		17064BE1158E67D300966851 /* Release */ = {
			isa = XCBuildConfiguration;
			buildSettings = {
				GCC_PRECOMPILE_PREFIX_HEADER = YES;
				GCC_PREFIX_HEADER = "CollectionPlayground/CollectionPlayground-Prefix.pch";
				INFOPLIST_FILE = "CollectionPlayground/CollectionPlayground-Info.plist";
				PRODUCT_NAME = "$(TARGET_NAME)";
				WRAPPER_EXTENSION = app;
			};
			name = Release;
		};
/* End XCBuildConfiguration section */

/* Begin XCConfigurationList section */
		17064BC1158E67D300966851 /* Build configuration list for PBXProject "CollectionPlayground" */ = {
			isa = XCConfigurationList;
			buildConfigurations = (
				17064BDD158E67D300966851 /* Debug */,
				17064BDE158E67D300966851 /* Release */,
			);
			defaultConfigurationIsVisible = 0;
			defaultConfigurationName = Release;
		};
		17064BDF158E67D300966851 /* Build configuration list for PBXNativeTarget "CollectionPlayground" */ = {
			isa = XCConfigurationList;
			buildConfigurations = (
				17064BE0158E67D300966851 /* Debug */,
				17064BE1158E67D300966851 /* Release */,
			);
			defaultConfigurationIsVisible = 0;
			defaultConfigurationName = Release;
		};
/* End XCConfigurationList section */
	};
	rootObject = 17064BBE158E67D300966851 /* Project object */;
}
